
Microsoft Visual Studio Solution File, Format Version 12.00
# Visual Studio 15
VisualStudioVersion = 15.0.28307.779
MinimumVisualStudioVersion = 10.0.40219.1
Project("{FAE04EC0-301F-11D3-BF4B-00C04F79EFBC}") = "Recipes", "Proyectos\Recipes\Recipes.csproj", "{B415C54A-2633-49B4-AE15-0C86FAFEDBB8}"
EndProject
Project("{FAE04EC0-301F-11D3-BF4B-00C04F79EFBC}") = "RecipesEFCodeFirst", "Proyectos\RecipesEFCodeFirst\RecipesEFCodeFirst.csproj", "{00E88ECE-886F-45FE-80BF-18F1E49C49DD}"
EndProject
Global
	GlobalSection(SolutionConfigurationPlatforms) = preSolution
		Debug|Any CPU = Debug|Any CPU
		Release|Any CPU = Release|Any CPU
	EndGlobalSection
	GlobalSection(ProjectConfigurationPlatforms) = postSolution
		{B415C54A-2633-49B4-AE15-0C86FAFEDBB8}.Debug|Any CPU.ActiveCfg = Debug|Any CPU
		{B415C54A-2633-49B4-AE15-0C86FAFEDBB8}.Debug|Any CPU.Build.0 = Debug|Any CPU
		{B415C54A-2633-49B4-AE15-0C86FAFEDBB8}.Release|Any CPU.ActiveCfg = Release|Any CPU
		{B415C54A-2633-49B4-AE15-0C86FAFEDBB8}.Release|Any CPU.Build.0 = Release|Any CPU
		{00E88ECE-886F-45FE-80BF-18F1E49C49DD}.Debug|Any CPU.ActiveCfg = Debug|Any CPU
		{00E88ECE-886F-45FE-80BF-18F1E49C49DD}.Debug|Any CPU.Build.0 = Debug|Any CPU
		{00E88ECE-886F-45FE-80BF-18F1E49C49DD}.Release|Any CPU.ActiveCfg = Release|Any CPU
		{00E88ECE-886F-45FE-80BF-18F1E49C49DD}.Release|Any CPU.Build.0 = Release|Any CPU
	EndGlobalSection
	GlobalSection(SolutionProperties) = preSolution
		HideSolutionNode = FALSE
	EndGlobalSection
	GlobalSection(ExtensibilityGlobals) = postSolution
		SolutionGuid = {44BA9D24-FB14-48D1-BA24-16795899E379}
	EndGlobalSection
EndGlobal
